// !$*UTF8*$!
{
	archiveVersion = 1;
	classes = {
	};
	objectVersion = 56;
	objects = {

/* Begin PBXBuildFile section */
		CFACF0252AB84CD70003A153 /* NavigationViewApp.swift in Sources */ = {isa = PBXBuildFile; fileRef = CFACF0242AB84CD70003A153 /* NavigationViewApp.swift */; };
		CFACF0272AB84CD70003A153 /* ContentView.swift in Sources */ = {isa = PBXBuildFile; fileRef = CFACF0262AB84CD70003A153 /* ContentView.swift */; };
		CFACF0292AB84CD80003A153 /* Assets.xcassets in Resources */ = {isa = PBXBuildFile; fileRef = CFACF0282AB84CD80003A153 /* Assets.xcassets */; };
		CFACF02C2AB84CD80003A153 /* Preview Assets.xcassets in Resources */ = {isa = PBXBuildFile; fileRef = CFACF02B2AB84CD80003A153 /* Preview Assets.xcassets */; };
		CFACF0362AB84CD80003A153 /* NavigationViewTests.swift in Sources */ = {isa = PBXBuildFile; fileRef = CFACF0352AB84CD80003A153 /* NavigationViewTests.swift */; };
		CFACF0402AB84CD80003A153 /* NavigationViewUITests.swift in Sources */ = {isa = PBXBuildFile; fileRef = CFACF03F2AB84CD80003A153 /* NavigationViewUITests.swift */; };
		CFACF0422AB84CD80003A153 /* NavigationViewUITestsLaunchTests.swift in Sources */ = {isa = PBXBuildFile; fileRef = CFACF0412AB84CD80003A153 /* NavigationViewUITestsLaunchTests.swift */; };
/* End PBXBuildFile section */

/* Begin PBXContainerItemProxy section */
		CFACF0322AB84CD80003A153 /* PBXContainerItemProxy */ = {
			isa = PBXContainerItemProxy;
			containerPortal = CFACF0192AB84CD70003A153 /* Project object */;
			proxyType = 1;
			remoteGlobalIDString = CFACF0202AB84CD70003A153;
			remoteInfo = NavigationView;
		};
		CFACF03C2AB84CD80003A153 /* PBXContainerItemProxy */ = {
			isa = PBXContainerItemProxy;
			containerPortal = CFACF0192AB84CD70003A153 /* Project object */;
			proxyType = 1;
			remoteGlobalIDString = CFACF0202AB84CD70003A153;
			remoteInfo = NavigationView;
		};
/* End PBXContainerItemProxy section */

/* Begin PBXFileReference section */
		CFACF0212AB84CD70003A153 /* NavigationView.app */ = {isa = PBXFileReference; explicitFileType = wrapper.application; includeInIndex = 0; path = NavigationView.app; sourceTree = BUILT_PRODUCTS_DIR; };
		CFACF0242AB84CD70003A153 /* NavigationViewApp.swift */ = {isa = PBXFileReference; lastKnownFileType = sourcecode.swift; path = NavigationViewApp.swift; sourceTree = "<group>"; };
		CFACF0262AB84CD70003A153 /* ContentView.swift */ = {isa = PBXFileReference; lastKnownFileType = sourcecode.swift; path = ContentView.swift; sourceTree = "<group>"; };
		CFACF0282AB84CD80003A153 /* Assets.xcassets */ = {isa = PBXFileReference; lastKnownFileType = folder.assetcatalog; path = Assets.xcassets; sourceTree = "<group>"; };
		CFACF02B2AB84CD80003A153 /* Preview Assets.xcassets */ = {isa = PBXFileReference; lastKnownFileType = folder.assetcatalog; path = "Preview Assets.xcassets"; sourceTree = "<group>"; };
		CFACF0312AB84CD80003A153 /* NavigationViewTests.xctest */ = {isa = PBXFileReference; explicitFileType = wrapper.cfbundle; includeInIndex = 0; path = NavigationViewTests.xctest; sourceTree = BUILT_PRODUCTS_DIR; };
		CFACF0352AB84CD80003A153 /* NavigationViewTests.swift */ = {isa = PBXFileReference; lastKnownFileType = sourcecode.swift; path = NavigationViewTests.swift; sourceTree = "<group>"; };
		CFACF03B2AB84CD80003A153 /* NavigationViewUITests.xctest */ = {isa = PBXFileReference; explicitFileType = wrapper.cfbundle; includeInIndex = 0; path = NavigationViewUITests.xctest; sourceTree = BUILT_PRODUCTS_DIR; };
		CFACF03F2AB84CD80003A153 /* NavigationViewUITests.swift */ = {isa = PBXFileReference; lastKnownFileType = sourcecode.swift; path = NavigationViewUITests.swift; sourceTree = "<group>"; };
		CFACF0412AB84CD80003A153 /* NavigationViewUITestsLaunchTests.swift */ = {isa = PBXFileReference; lastKnownFileType = sourcecode.swift; path = NavigationViewUITestsLaunchTests.swift; sourceTree = "<group>"; };
/* End PBXFileReference section */

/* Begin PBXFrameworksBuildPhase section */
		CFACF01E2AB84CD70003A153 /* Frameworks */ = {
			isa = PBXFrameworksBuildPhase;
			buildActionMask = 2147483647;
			files = (
			);
			runOnlyForDeploymentPostprocessing = 0;
		};
		CFACF02E2AB84CD80003A153 /* Frameworks */ = {
			isa = PBXFrameworksBuildPhase;
			buildActionMask = 2147483647;
			files = (
			);
			runOnlyForDeploymentPostprocessing = 0;
		};
		CFACF0382AB84CD80003A153 /* Frameworks */ = {
			isa = PBXFrameworksBuildPhase;
			buildActionMask = 2147483647;
			files = (
			);
			runOnlyForDeploymentPostprocessing = 0;
		};
/* End PBXFrameworksBuildPhase section */

/* Begin PBXGroup section */
		CFACF0182AB84CD70003A153 = {
			isa = PBXGroup;
			children = (
				CFACF0232AB84CD70003A153 /* NavigationView */,
				CFACF0342AB84CD80003A153 /* NavigationViewTests */,
				CFACF03E2AB84CD80003A153 /* NavigationViewUITests */,
				CFACF0222AB84CD70003A153 /* Products */,
			);
			sourceTree = "<group>";
		};
		CFACF0222AB84CD70003A153 /* Products */ = {
			isa = PBXGroup;
			children = (
				CFACF0212AB84CD70003A153 /* NavigationView.app */,
				CFACF0312AB84CD80003A153 /* NavigationViewTests.xctest */,
				CFACF03B2AB84CD80003A153 /* NavigationViewUITests.xctest */,
			);
			name = Products;
			sourceTree = "<group>";
		};
		CFACF0232AB84CD70003A153 /* NavigationView */ = {
			isa = PBXGroup;
			children = (
				CFACF0242AB84CD70003A153 /* NavigationViewApp.swift */,
				CFACF0262AB84CD70003A153 /* ContentView.swift */,
				CFACF0282AB84CD80003A153 /* Assets.xcassets */,
				CFACF02A2AB84CD80003A153 /* Preview Content */,
			);
			path = NavigationView;
			sourceTree = "<group>";
		};
		CFACF02A2AB84CD80003A153 /* Preview Content */ = {
			isa = PBXGroup;
			children = (
				CFACF02B2AB84CD80003A153 /* Preview Assets.xcassets */,
			);
			path = "Preview Content";
			sourceTree = "<group>";
		};
		CFACF0342AB84CD80003A153 /* NavigationViewTests */ = {
			isa = PBXGroup;
			children = (
				CFACF0352AB84CD80003A153 /* NavigationViewTests.swift */,
			);
			path = NavigationViewTests;
			sourceTree = "<group>";
		};
		CFACF03E2AB84CD80003A153 /* NavigationViewUITests */ = {
			isa = PBXGroup;
			children = (
				CFACF03F2AB84CD80003A153 /* NavigationViewUITests.swift */,
				CFACF0412AB84CD80003A153 /* NavigationViewUITestsLaunchTests.swift */,
			);
			path = NavigationViewUITests;
			sourceTree = "<group>";
		};
/* End PBXGroup section */

/* Begin PBXNativeTarget section */
		CFACF0202AB84CD70003A153 /* NavigationView */ = {
			isa = PBXNativeTarget;
			buildConfigurationList = CFACF0452AB84CD80003A153 /* Build configuration list for PBXNativeTarget "NavigationView" */;
			buildPhases = (
				CFACF01D2AB84CD70003A153 /* Sources */,
				CFACF01E2AB84CD70003A153 /* Frameworks */,
				CFACF01F2AB84CD70003A153 /* Resources */,
			);
			buildRules = (
			);
			dependencies = (
			);
			name = NavigationView;
			productName = NavigationView;
			productReference = CFACF0212AB84CD70003A153 /* NavigationView.app */;
			productType = "com.apple.product-type.application";
		};
		CFACF0302AB84CD80003A153 /* NavigationViewTests */ = {
			isa = PBXNativeTarget;
			buildConfigurationList = CFACF0482AB84CD80003A153 /* Build configuration list for PBXNativeTarget "NavigationViewTests" */;
			buildPhases = (
				CFACF02D2AB84CD80003A153 /* Sources */,
				CFACF02E2AB84CD80003A153 /* Frameworks */,
				CFACF02F2AB84CD80003A153 /* Resources */,
			);
			buildRules = (
			);
			dependencies = (
				CFACF0332AB84CD80003A153 /* PBXTargetDependency */,
			);
			name = NavigationViewTests;
			productName = NavigationViewTests;
			productReference = CFACF0312AB84CD80003A153 /* NavigationViewTests.xctest */;
			productType = "com.apple.product-type.bundle.unit-test";
		};
		CFACF03A2AB84CD80003A153 /* NavigationViewUITests */ = {
			isa = PBXNativeTarget;
			buildConfigurationList = CFACF04B2AB84CD80003A153 /* Build configuration list for PBXNativeTarget "NavigationViewUITests" */;
			buildPhases = (
				CFACF0372AB84CD80003A153 /* Sources */,
				CFACF0382AB84CD80003A153 /* Frameworks */,
				CFACF0392AB84CD80003A153 /* Resources */,
			);
			buildRules = (
			);
			dependencies = (
				CFACF03D2AB84CD80003A153 /* PBXTargetDependency */,
			);
			name = NavigationViewUITests;
			productName = NavigationViewUITests;
			productReference = CFACF03B2AB84CD80003A153 /* NavigationViewUITests.xctest */;
			productType = "com.apple.product-type.bundle.ui-testing";
		};
/* End PBXNativeTarget section */

/* Begin PBXProject section */
		CFACF0192AB84CD70003A153 /* Project object */ = {
			isa = PBXProject;
			attributes = {
				BuildIndependentTargetsInParallel = 1;
				LastSwiftUpdateCheck = 1430;
				LastUpgradeCheck = 1430;
				TargetAttributes = {
					CFACF0202AB84CD70003A153 = {
						CreatedOnToolsVersion = 14.3.1;
					};
					CFACF0302AB84CD80003A153 = {
						CreatedOnToolsVersion = 14.3.1;
						TestTargetID = CFACF0202AB84CD70003A153;
					};
					CFACF03A2AB84CD80003A153 = {
						CreatedOnToolsVersion = 14.3.1;
						TestTargetID = CFACF0202AB84CD70003A153;
					};
				};
			};
			buildConfigurationList = CFACF01C2AB84CD70003A153 /* Build configuration list for PBXProject "NavigationView" */;
			compatibilityVersion = "Xcode 14.0";
			developmentRegion = en;
			hasScannedForEncodings = 0;
			knownRegions = (
				en,
				Base,
			);
			mainGroup = CFACF0182AB84CD70003A153;
			productRefGroup = CFACF0222AB84CD70003A153 /* Products */;
			projectDirPath = "";
			projectRoot = "";
			targets = (
				CFACF0202AB84CD70003A153 /* NavigationView */,
				CFACF0302AB84CD80003A153 /* NavigationViewTests */,
				CFACF03A2AB84CD80003A153 /* NavigationViewUITests */,
			);
		};
/* End PBXProject section */

/* Begin PBXResourcesBuildPhase section */
		CFACF01F2AB84CD70003A153 /* Resources */ = {
			isa = PBXResourcesBuildPhase;
			buildActionMask = 2147483647;
			files = (
				CFACF02C2AB84CD80003A153 /* Preview Assets.xcassets in Resources */,
				CFACF0292AB84CD80003A153 /* Assets.xcassets in Resources */,
			);
			runOnlyForDeploymentPostprocessing = 0;
		};
		CFACF02F2AB84CD80003A153 /* Resources */ = {
			isa = PBXResourcesBuildPhase;
			buildActionMask = 2147483647;
			files = (
			);
			runOnlyForDeploymentPostprocessing = 0;
		};
		CFACF0392AB84CD80003A153 /* Resources */ = {
			isa = PBXResourcesBuildPhase;
			buildActionMask = 2147483647;
			files = (
			);
			runOnlyForDeploymentPostprocessing = 0;
		};
/* End PBXResourcesBuildPhase section */

/* Begin PBXSourcesBuildPhase section */
		CFACF01D2AB84CD70003A153 /* Sources */ = {
			isa = PBXSourcesBuildPhase;
			buildActionMask = 2147483647;
			files = (
				CFACF0272AB84CD70003A153 /* ContentView.swift in Sources */,
				CFACF0252AB84CD70003A153 /* NavigationViewApp.swift in Sources */,
			);
			runOnlyForDeploymentPostprocessing = 0;
		};
		CFACF02D2AB84CD80003A153 /* Sources */ = {
			isa = PBXSourcesBuildPhase;
			buildActionMask = 2147483647;
			files = (
				CFACF0362AB84CD80003A153 /* NavigationViewTests.swift in Sources */,
			);
			runOnlyForDeploymentPostprocessing = 0;
		};
		CFACF0372AB84CD80003A153 /* Sources */ = {
			isa = PBXSourcesBuildPhase;
			buildActionMask = 2147483647;
			files = (
				CFACF0402AB84CD80003A153 /* NavigationViewUITests.swift in Sources */,
				CFACF0422AB84CD80003A153 /* NavigationViewUITestsLaunchTests.swift in Sources */,
			);
			runOnlyForDeploymentPostprocessing = 0;
		};
/* End PBXSourcesBuildPhase section */

/* Begin PBXTargetDependency section */
		CFACF0332AB84CD80003A153 /* PBXTargetDependency */ = {
			isa = PBXTargetDependency;
			target = CFACF0202AB84CD70003A153 /* NavigationView */;
			targetProxy = CFACF0322AB84CD80003A153 /* PBXContainerItemProxy */;
		};
		CFACF03D2AB84CD80003A153 /* PBXTargetDependency */ = {
			isa = PBXTargetDependency;
			target = CFACF0202AB84CD70003A153 /* NavigationView */;
			targetProxy = CFACF03C2AB84CD80003A153 /* PBXContainerItemProxy */;
		};
/* End PBXTargetDependency section */

/* Begin XCBuildConfiguration section */
		CFACF0432AB84CD80003A153 /* Debug */ = {
			isa = XCBuildConfiguration;
			buildSettings = {
				ALWAYS_SEARCH_USER_PATHS = NO;
				CLANG_ANALYZER_NONNULL = YES;
				CLANG_ANALYZER_NUMBER_OBJECT_CONVERSION = YES_AGGRESSIVE;
				CLANG_CXX_LANGUAGE_STANDARD = "gnu++20";
				CLANG_ENABLE_MODULES = YES;
				CLANG_ENABLE_OBJC_ARC = YES;
				CLANG_ENABLE_OBJC_WEAK = YES;
				CLANG_WARN_BLOCK_CAPTURE_AUTORELEASING = YES;
				CLANG_WARN_BOOL_CONVERSION = YES;
				CLANG_WARN_COMMA = YES;
				CLANG_WARN_CONSTANT_CONVERSION = YES;
				CLANG_WARN_DEPRECATED_OBJC_IMPLEMENTATIONS = YES;
				CLANG_WARN_DIRECT_OBJC_ISA_USAGE = YES_ERROR;
				CLANG_WARN_DOCUMENTATION_COMMENTS = YES;
				CLANG_WARN_EMPTY_BODY = YES;
				CLANG_WARN_ENUM_CONVERSION = YES;
				CLANG_WARN_INFINITE_RECURSION = YES;
				CLANG_WARN_INT_CONVERSION = YES;
				CLANG_WARN_NON_LITERAL_NULL_CONVERSION = YES;
				CLANG_WARN_OBJC_IMPLICIT_RETAIN_SELF = YES;
				CLANG_WARN_OBJC_LITERAL_CONVERSION = YES;
				CLANG_WARN_OBJC_ROOT_CLASS = YES_ERROR;
				CLANG_WARN_QUOTED_INCLUDE_IN_FRAMEWORK_HEADER = YES;
				CLANG_WARN_RANGE_LOOP_ANALYSIS = YES;
				CLANG_WARN_STRICT_PROTOTYPES = YES;
				CLANG_WARN_SUSPICIOUS_MOVE = YES;
				CLANG_WARN_UNGUARDED_AVAILABILITY = YES_AGGRESSIVE;
				CLANG_WARN_UNREACHABLE_CODE = YES;
				CLANG_WARN__DUPLICATE_METHOD_MATCH = YES;
				COPY_PHASE_STRIP = NO;
				DEBUG_INFORMATION_FORMAT = dwarf;
				ENABLE_STRICT_OBJC_MSGSEND = YES;
				ENABLE_TESTABILITY = YES;
				GCC_C_LANGUAGE_STANDARD = gnu11;
				GCC_DYNAMIC_NO_PIC = NO;
				GCC_NO_COMMON_BLOCKS = YES;
				GCC_OPTIMIZATION_LEVEL = 0;
				GCC_PREPROCESSOR_DEFINITIONS = (
					"DEBUG=1",
					"$(inherited)",
				);
				GCC_WARN_64_TO_32_BIT_CONVERSION = YES;
				GCC_WARN_ABOUT_RETURN_TYPE = YES_ERROR;
				GCC_WARN_UNDECLARED_SELECTOR = YES;
				GCC_WARN_UNINITIALIZED_AUTOS = YES_AGGRESSIVE;
				GCC_WARN_UNUSED_FUNCTION = YES;
				GCC_WARN_UNUSED_VARIABLE = YES;
				IPHONEOS_DEPLOYMENT_TARGET = 16.4;
				MTL_ENABLE_DEBUG_INFO = INCLUDE_SOURCE;
				MTL_FAST_MATH = YES;
				ONLY_ACTIVE_ARCH = YES;
				SDKROOT = iphoneos;
				SWIFT_ACTIVE_COMPILATION_CONDITIONS = DEBUG;
				SWIFT_OPTIMIZATION_LEVEL = "-Onone";
			};
			name = Debug;
		};
		CFACF0442AB84CD80003A153 /* Release */ = {
			isa = XCBuildConfiguration;
			buildSettings = {
				ALWAYS_SEARCH_USER_PATHS = NO;
				CLANG_ANALYZER_NONNULL = YES;
				CLANG_ANALYZER_NUMBER_OBJECT_CONVERSION = YES_AGGRESSIVE;
				CLANG_CXX_LANGUAGE_STANDARD = "gnu++20";
				CLANG_ENABLE_MODULES = YES;
				CLANG_ENABLE_OBJC_ARC = YES;
				CLANG_ENABLE_OBJC_WEAK = YES;
				CLANG_WARN_BLOCK_CAPTURE_AUTORELEASING = YES;
				CLANG_WARN_BOOL_CONVERSION = YES;
				CLANG_WARN_COMMA = YES;
				CLANG_WARN_CONSTANT_CONVERSION = YES;
				CLANG_WARN_DEPRECATED_OBJC_IMPLEMENTATIONS = YES;
				CLANG_WARN_DIRECT_OBJC_ISA_USAGE = YES_ERROR;
				CLANG_WARN_DOCUMENTATION_COMMENTS = YES;
				CLANG_WARN_EMPTY_BODY = YES;
				CLANG_WARN_ENUM_CONVERSION = YES;
				CLANG_WARN_INFINITE_RECURSION = YES;
				CLANG_WARN_INT_CONVERSION = YES;
				CLANG_WARN_NON_LITERAL_NULL_CONVERSION = YES;
				CLANG_WARN_OBJC_IMPLICIT_RETAIN_SELF = YES;
				CLANG_WARN_OBJC_LITERAL_CONVERSION = YES;
				CLANG_WARN_OBJC_ROOT_CLASS = YES_ERROR;
				CLANG_WARN_QUOTED_INCLUDE_IN_FRAMEWORK_HEADER = YES;
				CLANG_WARN_RANGE_LOOP_ANALYSIS = YES;
				CLANG_WARN_STRICT_PROTOTYPES = YES;
				CLANG_WARN_SUSPICIOUS_MOVE = YES;
				CLANG_WARN_UNGUARDED_AVAILABILITY = YES_AGGRESSIVE;
				CLANG_WARN_UNREACHABLE_CODE = YES;
				CLANG_WARN__DUPLICATE_METHOD_MATCH = YES;
				COPY_PHASE_STRIP = NO;
				DEBUG_INFORMATION_FORMAT = "dwarf-with-dsym";
				ENABLE_NS_ASSERTIONS = NO;
				ENABLE_STRICT_OBJC_MSGSEND = YES;
				GCC_C_LANGUAGE_STANDARD = gnu11;
				GCC_NO_COMMON_BLOCKS = YES;
				GCC_WARN_64_TO_32_BIT_CONVERSION = YES;
				GCC_WARN_ABOUT_RETURN_TYPE = YES_ERROR;
				GCC_WARN_UNDECLARED_SELECTOR = YES;
				GCC_WARN_UNINITIALIZED_AUTOS = YES_AGGRESSIVE;
				GCC_WARN_UNUSED_FUNCTION = YES;
				GCC_WARN_UNUSED_VARIABLE = YES;
				IPHONEOS_DEPLOYMENT_TARGET = 16.4;
				MTL_ENABLE_DEBUG_INFO = NO;
				MTL_FAST_MATH = YES;
				SDKROOT = iphoneos;
				SWIFT_COMPILATION_MODE = wholemodule;
				SWIFT_OPTIMIZATION_LEVEL = "-O";
				VALIDATE_PRODUCT = YES;
			};
			name = Release;
		};
		CFACF0462AB84CD80003A153 /* Debug */ = {
			isa = XCBuildConfiguration;
			buildSettings = {
				ASSETCATALOG_COMPILER_APPICON_NAME = AppIcon;
				ASSETCATALOG_COMPILER_GLOBAL_ACCENT_COLOR_NAME = AccentColor;
				CODE_SIGN_STYLE = Automatic;
				CURRENT_PROJECT_VERSION = 1;
				DEVELOPMENT_ASSET_PATHS = "\"NavigationView/Preview Content\"";
				ENABLE_PREVIEWS = YES;
				GENERATE_INFOPLIST_FILE = YES;
				INFOPLIST_KEY_UIApplicationSceneManifest_Generation = YES;
				INFOPLIST_KEY_UIApplicationSupportsIndirectInputEvents = YES;
				INFOPLIST_KEY_UILaunchScreen_Generation = YES;
				INFOPLIST_KEY_UISupportedInterfaceOrientations_iPad = "UIInterfaceOrientationPortrait UIInterfaceOrientationPortraitUpsideDown UIInterfaceOrientationLandscapeLeft UIInterfaceOrientationLandscapeRight";
				INFOPLIST_KEY_UISupportedInterfaceOrientations_iPhone = "UIInterfaceOrientationPortrait UIInterfaceOrientationLandscapeLeft UIInterfaceOrientationLandscapeRight";
				LD_RUNPATH_SEARCH_PATHS = (
					"$(inherited)",
					"@executable_path/Frameworks",
				);
				MARKETING_VERSION = 1.0;
				PRODUCT_BUNDLE_IDENTIFIER = com.acabes.NavigationView;
				PRODUCT_NAME = "$(TARGET_NAME)";
				SWIFT_EMIT_LOC_STRINGS = YES;
				SWIFT_VERSION = 5.0;
				TARGETED_DEVICE_FAMILY = "1,2";
			};
			name = Debug;
		};
		CFACF0472AB84CD80003A153 /* Release */ = {
			isa = XCBuildConfiguration;
			buildSettings = {
				ASSETCATALOG_COMPILER_APPICON_NAME = AppIcon;
				ASSETCATALOG_COMPILER_GLOBAL_ACCENT_COLOR_NAME = AccentColor;
				CODE_SIGN_STYLE = Automatic;
				CURRENT_PROJECT_VERSION = 1;
				DEVELOPMENT_ASSET_PATHS = "\"NavigationView/Preview Content\"";
				ENABLE_PREVIEWS = YES;
				GENERATE_INFOPLIST_FILE = YES;
				INFOPLIST_KEY_UIApplicationSceneManifest_Generation = YES;
				INFOPLIST_KEY_UIApplicationSupportsIndirectInputEvents = YES;
				INFOPLIST_KEY_UILaunchScreen_Generation = YES;
				INFOPLIST_KEY_UISupportedInterfaceOrientations_iPad = "UIInterfaceOrientationPortrait UIInterfaceOrientationPortraitUpsideDown UIInterfaceOrientationLandscapeLeft UIInterfaceOrientationLandscapeRight";
				INFOPLIST_KEY_UISupportedInterfaceOrientations_iPhone = "UIInterfaceOrientationPortrait UIInterfaceOrientationLandscapeLeft UIInterfaceOrientationLandscapeRight";
				LD_RUNPATH_SEARCH_PATHS = (
					"$(inherited)",
					"@executable_path/Frameworks",
				);
				MARKETING_VERSION = 1.0;
				PRODUCT_BUNDLE_IDENTIFIER = com.acabes.NavigationView;
				PRODUCT_NAME = "$(TARGET_NAME)";
				SWIFT_EMIT_LOC_STRINGS = YES;
				SWIFT_VERSION = 5.0;
				TARGETED_DEVICE_FAMILY = "1,2";
			};
			name = Release;
		};
		CFACF0492AB84CD80003A153 /* Debug */ = {
			isa = XCBuildConfiguration;
			buildSettings = {
				ALWAYS_EMBED_SWIFT_STANDARD_LIBRARIES = YES;
				BUNDLE_LOADER = "$(TEST_HOST)";
				CODE_SIGN_STYLE = Automatic;
				CURRENT_PROJECT_VERSION = 1;
				GENERATE_INFOPLIST_FILE = YES;
				IPHONEOS_DEPLOYMENT_TARGET = 16.4;
				MARKETING_VERSION = 1.0;
				PRODUCT_BUNDLE_IDENTIFIER = com.acabes.NavigationViewTests;
				PRODUCT_NAME = "$(TARGET_NAME)";
				SWIFT_EMIT_LOC_STRINGS = NO;
				SWIFT_VERSION = 5.0;
				TARGETED_DEVICE_FAMILY = "1,2";
				TEST_HOST = "$(BUILT_PRODUCTS_DIR)/NavigationView.app/$(BUNDLE_EXECUTABLE_FOLDER_PATH)/NavigationView";
			};
			name = Debug;
		};
		CFACF04A2AB84CD80003A153 /* Release */ = {
			isa = XCBuildConfiguration;
			buildSettings = {
				ALWAYS_EMBED_SWIFT_STANDARD_LIBRARIES = YES;
				BUNDLE_LOADER = "$(TEST_HOST)";
				CODE_SIGN_STYLE = Automatic;
				CURRENT_PROJECT_VERSION = 1;
				GENERATE_INFOPLIST_FILE = YES;
				IPHONEOS_DEPLOYMENT_TARGET = 16.4;
				MARKETING_VERSION = 1.0;
				PRODUCT_BUNDLE_IDENTIFIER = com.acabes.NavigationViewTests;
				PRODUCT_NAME = "$(TARGET_NAME)";
				SWIFT_EMIT_LOC_STRINGS = NO;
				SWIFT_VERSION = 5.0;
				TARGETED_DEVICE_FAMILY = "1,2";
				TEST_HOST = "$(BUILT_PRODUCTS_DIR)/NavigationView.app/$(BUNDLE_EXECUTABLE_FOLDER_PATH)/NavigationView";
			};
			name = Release;
		};
		CFACF04C2AB84CD80003A153 /* Debug */ = {
			isa = XCBuildConfiguration;
			buildSettings = {
				ALWAYS_EMBED_SWIFT_STANDARD_LIBRARIES = YES;
				CODE_SIGN_STYLE = Automatic;
				CURRENT_PROJECT_VERSION = 1;
				GENERATE_INFOPLIST_FILE = YES;
				MARKETING_VERSION = 1.0;
				PRODUCT_BUNDLE_IDENTIFIER = com.acabes.NavigationViewUITests;
				PRODUCT_NAME = "$(TARGET_NAME)";
				SWIFT_EMIT_LOC_STRINGS = NO;
				SWIFT_VERSION = 5.0;
				TARGETED_DEVICE_FAMILY = "1,2";
				TEST_TARGET_NAME = NavigationView;
			};
			name = Debug;
		};
		CFACF04D2AB84CD80003A153 /* Release */ = {
			isa = XCBuildConfiguration;
			buildSettings = {
				ALWAYS_EMBED_SWIFT_STANDARD_LIBRARIES = YES;
				CODE_SIGN_STYLE = Automatic;
				CURRENT_PROJECT_VERSION = 1;
				GENERATE_INFOPLIST_FILE = YES;
				MARKETING_VERSION = 1.0;
				PRODUCT_BUNDLE_IDENTIFIER = com.acabes.NavigationViewUITests;
				PRODUCT_NAME = "$(TARGET_NAME)";
				SWIFT_EMIT_LOC_STRINGS = NO;
				SWIFT_VERSION = 5.0;
				TARGETED_DEVICE_FAMILY = "1,2";
				TEST_TARGET_NAME = NavigationView;
			};
			name = Release;
		};
/* End XCBuildConfiguration section */

/* Begin XCConfigurationList section */
		CFACF01C2AB84CD70003A153 /* Build configuration list for PBXProject "NavigationView" */ = {
			isa = XCConfigurationList;
			buildConfigurations = (
				CFACF0432AB84CD80003A153 /* Debug */,
				CFACF0442AB84CD80003A153 /* Release */,
			);
			defaultConfigurationIsVisible = 0;
			defaultConfigurationName = Release;
		};
		CFACF0452AB84CD80003A153 /* Build configuration list for PBXNativeTarget "NavigationView" */ = {
			isa = XCConfigurationList;
			buildConfigurations = (
				CFACF0462AB84CD80003A153 /* Debug */,
				CFACF0472AB84CD80003A153 /* Release */,
			);
			defaultConfigurationIsVisible = 0;
			defaultConfigurationName = Release;
		};
		CFACF0482AB84CD80003A153 /* Build configuration list for PBXNativeTarget "NavigationViewTests" */ = {
			isa = XCConfigurationList;
			buildConfigurations = (
				CFACF0492AB84CD80003A153 /* Debug */,
				CFACF04A2AB84CD80003A153 /* Release */,
			);
			defaultConfigurationIsVisible = 0;
			defaultConfigurationName = Release;
		};
		CFACF04B2AB84CD80003A153 /* Build configuration list for PBXNativeTarget "NavigationViewUITests" */ = {
			isa = XCConfigurationList;
			buildConfigurations = (
				CFACF04C2AB84CD80003A153 /* Debug */,
				CFACF04D2AB84CD80003A153 /* Release */,
			);
			defaultConfigurationIsVisible = 0;
			defaultConfigurationName = Release;
		};
/* End XCConfigurationList section */
	};
	rootObject = CFACF0192AB84CD70003A153 /* Project object */;
}
